
Microsoft Visual Studio Solution File, Format Version 12.00
# Visual Studio Version 17
VisualStudioVersion = 17.14.36623.8 d17.14
MinimumVisualStudioVersion = 10.0.40219.1
Project("{FAE04EC0-301F-11D3-BF4B-00C04F79EFBC}") = "Proyecto Calculadora", "Proyecto Calculadora\Proyecto Calculadora.csproj", "{AC2E3FE9-593C-422B-94DA-9A1278ECA72E}"
EndProject
Global
	GlobalSection(SolutionConfigurationPlatforms) = preSolution
		Debug|Any CPU = Debug|Any CPU
		Release|Any CPU = Release|Any CPU
	EndGlobalSection
	GlobalSection(ProjectConfigurationPlatforms) = postSolution
		{AC2E3FE9-593C-422B-94DA-9A1278ECA72E}.Debug|Any CPU.ActiveCfg = Debug|Any CPU
		{AC2E3FE9-593C-422B-94DA-9A1278ECA72E}.Debug|Any CPU.Build.0 = Debug|Any CPU
		{AC2E3FE9-593C-422B-94DA-9A1278ECA72E}.Release|Any CPU.ActiveCfg = Release|Any CPU
		{AC2E3FE9-593C-422B-94DA-9A1278ECA72E}.Release|Any CPU.Build.0 = Release|Any CPU
	EndGlobalSection
	GlobalSection(SolutionProperties) = preSolution
		HideSolutionNode = FALSE
	EndGlobalSection
	GlobalSection(ExtensibilityGlobals) = postSolution
		SolutionGuid = {64B54444-2A02-4528-AD26-92C0E1ADE31C}
	EndGlobalSection
EndGlobal
